// !$*UTF8*$!
{
	archiveVersion = 1;
	classes = {
	};
	objectVersion = 56;
	objects = {

/* Begin PBXBuildFile section */
		AA00000000000000000000B1 /* ModernCalculatorApp.swift in Sources */ = {isa = PBXBuildFile; fileRef = AA00000000000000000000A1 /* ModernCalculatorApp.swift */; };
		AA00000000000000000000B2 /* CalculatorView.swift in Sources */ = {isa = PBXBuildFile; fileRef = AA00000000000000000000A2 /* CalculatorView.swift */; };
		AA00000000000000000000B3 /* CalculatorViewModel.swift in Sources */ = {isa = PBXBuildFile; fileRef = AA00000000000000000000A3 /* CalculatorViewModel.swift */; };
		AA00000000000000000000B4 /* Assets.xcassets in Resources */ = {isa = PBXBuildFile; fileRef = AA00000000000000000000A4 /* Assets.xcassets */; };
/* End PBXBuildFile section */

/* Begin PBXFileReference section */
		AA0000000000000000000090 /* Calculator.app */ = {isa = PBXFileReference; explicitFileType = wrapper.application; includeInIndex = 0; path = Calculator.app; sourceTree = BUILT_PRODUCTS_DIR; };
		AA00000000000000000000A1 /* ModernCalculatorApp.swift */ = {isa = PBXFileReference; lastKnownFileType = sourcecode.swift; path = ModernCalculatorApp.swift; sourceTree = "<group>"; };
		AA00000000000000000000A2 /* CalculatorView.swift */ = {isa = PBXFileReference; lastKnownFileType = sourcecode.swift; path = CalculatorView.swift; sourceTree = "<group>"; };
		AA00000000000000000000A3 /* CalculatorViewModel.swift */ = {isa = PBXFileReference; lastKnownFileType = sourcecode.swift; path = CalculatorViewModel.swift; sourceTree = "<group>"; };
		AA00000000000000000000A4 /* Assets.xcassets */ = {isa = PBXFileReference; lastKnownFileType = folder.assetcatalog; path = Assets.xcassets; sourceTree = "<group>"; };
/* End PBXFileReference section */

/* Begin PBXFrameworksBuildPhase section */
		AA0000000000000000000071 /* Frameworks */ = {
			isa = PBXFrameworksBuildPhase;
			buildActionMask = 2147483647;
			files = (
			);
			runOnlyForDeploymentPostprocessing = 0;
		};
/* End PBXFrameworksBuildPhase section */

/* Begin PBXGroup section */
		AA0000000000000000000050 = {
			isa = PBXGroup;
			children = (
				AA0000000000000000000060 /* ModernCalculator */,
				AA0000000000000000000070 /* Products */,
			);
			sourceTree = "<group>";
		};
		AA0000000000000000000060 /* ModernCalculator */ = {
			isa = PBXGroup;
			children = (
				AA00000000000000000000A1 /* ModernCalculatorApp.swift */,
				AA00000000000000000000A2 /* CalculatorView.swift */,
				AA00000000000000000000A3 /* CalculatorViewModel.swift */,
				AA00000000000000000000A4 /* Assets.xcassets */,
			);
			path = ModernCalculator;
			sourceTree = "<group>";
		};
		AA0000000000000000000070 /* Products */ = {
			isa = PBXGroup;
			children = (
				AA0000000000000000000090 /* Calculator.app */,
			);
			name = Products;
			sourceTree = "<group>";
		};
/* End PBXGroup section */

/* Begin PBXNativeTarget section */
		AA0000000000000000000080 /* ModernCalculator */ = {
			isa = PBXNativeTarget;
			buildConfigurationList = AA00000000000000000000C3 /* Build configuration list for PBXNativeTarget "ModernCalculator" */;
			buildPhases = (
				AA0000000000000000000081 /* Sources */,
				AA0000000000000000000071 /* Frameworks */,
				AA0000000000000000000082 /* Resources */,
			);
			buildRules = (
			);
			dependencies = (
			);
			name = ModernCalculator;
			productName = Calculator;
			productReference = AA0000000000000000000090 /* Calculator.app */;
			productType = "com.apple.product-type.application";
		};
/* End PBXNativeTarget section */

/* Begin PBXProject section */
		AA0000000000000000000051 /* Project object */ = {
			isa = PBXProject;
			attributes = {
				BuildIndependentTargetsInParallel = 1;
				LastSwiftUpdateCheck = 1540;
				LastUpgradeCheck = 1540;
			};
			buildConfigurationList = AA00000000000000000000C1 /* Build configuration list for PBXProject "ModernCalculator" */;
			compatibilityVersion = "Xcode 14.0";
			developmentRegion = en;
			hasScannedForEncodings = 0;
			knownRegions = (
				en,
				Base,
				"zh-Hans",
			);
			mainGroup = AA0000000000000000000050;
			productRefGroup = AA0000000000000000000070 /* Products */;
			projectDirPath = "";
			projectRoot = "";
			targets = (
				AA0000000000000000000080 /* ModernCalculator */,
			);
		};
/* End PBXProject section */

/* Begin PBXResourcesBuildPhase section */
		AA0000000000000000000082 /* Resources */ = {
			isa = PBXResourcesBuildPhase;
			buildActionMask = 2147483647;
			files = (
				AA00000000000000000000B4 /* Assets.xcassets in Resources */,
			);
			runOnlyForDeploymentPostprocessing = 0;
		};
/* End PBXResourcesBuildPhase section */

/* Begin PBXSourcesBuildPhase section */
		AA0000000000000000000081 /* Sources */ = {
			isa = PBXSourcesBuildPhase;
			buildActionMask = 2147483647;
			files = (
				AA00000000000000000000B1 /* ModernCalculatorApp.swift in Sources */,
				AA00000000000000000000B2 /* CalculatorView.swift in Sources */,
				AA00000000000000000000B3 /* CalculatorViewModel.swift in Sources */,
			);
			runOnlyForDeploymentPostprocessing = 0;
		};
/* End PBXSourcesBuildPhase section */

/* Begin XCBuildConfiguration section */
		AA00000000000000000000D1 /* Debug */ = {
			isa = XCBuildConfiguration;
			buildSettings = {
				ALWAYS_SEARCH_USER_PATHS = NO;
				ASSETCATALOG_COMPILER_GENERATE_SWIFT_ASSET_SYMBOL_EXTENSIONS = YES;
				CLANG_ANALYZER_NONNULL = YES;
				CLANG_ENABLE_MODULES = YES;
				CLANG_ENABLE_OBJC_ARC = YES;
				COPY_PHASE_STRIP = NO;
				DEBUG_INFORMATION_FORMAT = dwarf;
				ENABLE_STRICT_OBJC_MSGSEND = YES;
				ENABLE_TESTABILITY = YES;
				GCC_C_LANGUAGE_STANDARD = gnu17;
				GCC_DYNAMIC_NO_PIC = NO;
				GCC_OPTIMIZATION_LEVEL = 0;
				GCC_PREPROCESSOR_DEFINITIONS = (
					"DEBUG=1",
					"$(inherited)",
				);
				MACOSX_DEPLOYMENT_TARGET = 13.0;
				MTL_ENABLE_DEBUG_INFO = INCLUDE_SOURCE;
				ONLY_ACTIVE_ARCH = YES;
				SDKROOT = macosx;
				SWIFT_ACTIVE_COMPILATION_CONDITIONS = DEBUG;
				SWIFT_OPTIMIZATION_LEVEL = "-Onone";
			};
			name = Debug;
		};
		AA00000000000000000000D2 /* Release */ = {
			isa = XCBuildConfiguration;
			buildSettings = {
				ALWAYS_SEARCH_USER_PATHS = NO;
				ASSETCATALOG_COMPILER_GENERATE_SWIFT_ASSET_SYMBOL_EXTENSIONS = YES;
				CLANG_ANALYZER_NONNULL = YES;
				CLANG_ENABLE_MODULES = YES;
				CLANG_ENABLE_OBJC_ARC = YES;
				COPY_PHASE_STRIP = NO;
				DEBUG_INFORMATION_FORMAT = "dwarf-with-dsym";
				ENABLE_NS_ASSERTIONS = NO;
				ENABLE_STRICT_OBJC_MSGSEND = YES;
				GCC_C_LANGUAGE_STANDARD = gnu17;
				MACOSX_DEPLOYMENT_TARGET = 13.0;
				MTL_ENABLE_DEBUG_INFO = NO;
				SDKROOT = macosx;
				SWIFT_COMPILATION_MODE = wholemodule;
			};
			name = Release;
		};
		AA00000000000000000000D3 /* Debug */ = {
			isa = XCBuildConfiguration;
			buildSettings = {
				ASSETCATALOG_COMPILER_APPICON_NAME = AppIcon;
				ASSETCATALOG_COMPILER_GLOBAL_ACCENT_COLOR_NAME = AccentColor;
				CODE_SIGN_STYLE = Automatic;
				COMBINE_HIDPI_IMAGES = YES;
				CURRENT_PROJECT_VERSION = 4;
				DEVELOPMENT_TEAM = "";
				ENABLE_HARDENED_RUNTIME = YES;
				GENERATE_INFOPLIST_FILE = YES;
				INFOPLIST_KEY_NSHumanReadableCopyright = "";
				LD_RUNPATH_SEARCH_PATHS = (
					"$(inherited)",
					"@executable_path/../Frameworks",
				);
				MARKETING_VERSION = 1.4;
				PRODUCT_BUNDLE_IDENTIFIER = com.modern.calculator;
				INFOPLIST_KEY_CFBundleDisplayName = Calculator;
				INFOPLIST_KEY_CFBundleName = Calculator;
				PRODUCT_NAME = Calculator;
				SWIFT_EMIT_LOC_STRINGS = YES;
				SWIFT_VERSION = 5.0;
			};
			name = Debug;
		};
		AA00000000000000000000D4 /* Release */ = {
			isa = XCBuildConfiguration;
			buildSettings = {
				ASSETCATALOG_COMPILER_APPICON_NAME = AppIcon;
				ASSETCATALOG_COMPILER_GLOBAL_ACCENT_COLOR_NAME = AccentColor;
				CODE_SIGN_STYLE = Automatic;
				COMBINE_HIDPI_IMAGES = YES;
				CURRENT_PROJECT_VERSION = 4;
				DEVELOPMENT_TEAM = "";
				ENABLE_HARDENED_RUNTIME = YES;
				GENERATE_INFOPLIST_FILE = YES;
				INFOPLIST_KEY_NSHumanReadableCopyright = "";
				LD_RUNPATH_SEARCH_PATHS = (
					"$(inherited)",
					"@executable_path/../Frameworks",
				);
				MARKETING_VERSION = 1.4;
				PRODUCT_BUNDLE_IDENTIFIER = com.modern.calculator;
				INFOPLIST_KEY_CFBundleDisplayName = Calculator;
				INFOPLIST_KEY_CFBundleName = Calculator;
				PRODUCT_NAME = Calculator;
				SWIFT_EMIT_LOC_STRINGS = YES;
				SWIFT_VERSION = 5.0;
			};
			name = Release;
		};
/* End XCBuildConfiguration section */

/* Begin XCConfigurationList section */
		AA00000000000000000000C1 /* Build configuration list for PBXProject "ModernCalculator" */ = {
			isa = XCConfigurationList;
			buildConfigurations = (
				AA00000000000000000000D1 /* Debug */,
				AA00000000000000000000D2 /* Release */,
			);
			defaultConfigurationIsVisible = 0;
			defaultConfigurationName = Release;
		};
		AA00000000000000000000C3 /* Build configuration list for PBXNativeTarget "ModernCalculator" */ = {
			isa = XCConfigurationList;
			buildConfigurations = (
				AA00000000000000000000D3 /* Debug */,
				AA00000000000000000000D4 /* Release */,
			);
			defaultConfigurationIsVisible = 0;
			defaultConfigurationName = Release;
		};
/* End XCConfigurationList section */
	};
	rootObject = AA0000000000000000000051 /* Project object */;
}
